
Microsoft Visual Studio Solution File, Format Version 12.00
# Visual Studio Version 17
VisualStudioVersion = 17.8.34408.163
MinimumVisualStudioVersion = 10.0.40219.1
Project("{FAE04EC0-301F-11D3-BF4B-00C04F79EFBC}") = "Fundos.Web.Client", "Fundos.Web.Client\Fundos.Web.Client.csproj", "{8E8CB924-0E28-49C9-BFF0-A33664A38787}"
EndProject
Global
	GlobalSection(SolutionConfigurationPlatforms) = preSolution
		Debug|Any CPU = Debug|Any CPU
		Release|Any CPU = Release|Any CPU
	EndGlobalSection
	GlobalSection(ProjectConfigurationPlatforms) = postSolution
		{8E8CB924-0E28-49C9-BFF0-A33664A38787}.Debug|Any CPU.ActiveCfg = Debug|Any CPU
		{8E8CB924-0E28-49C9-BFF0-A33664A38787}.Debug|Any CPU.Build.0 = Debug|Any CPU
		{8E8CB924-0E28-49C9-BFF0-A33664A38787}.Release|Any CPU.ActiveCfg = Release|Any CPU
		{8E8CB924-0E28-49C9-BFF0-A33664A38787}.Release|Any CPU.Build.0 = Release|Any CPU
	EndGlobalSection
	GlobalSection(SolutionProperties) = preSolution
		HideSolutionNode = FALSE
	EndGlobalSection
	GlobalSection(ExtensibilityGlobals) = postSolution
		SolutionGuid = {ED67D41E-F5E5-4A5E-89FC-A66483EE4CA2}
	EndGlobalSection
EndGlobal
